
Microsoft Visual Studio Solution File, Format Version 12.00
# Visual Studio Version 17
VisualStudioVersion = 17.7.34031.279
MinimumVisualStudioVersion = 10.0.40219.1
Project("{9A19103F-16F7-4668-BE54-9A1E7A4F7556}") = "NonPrimitiveDataTypes", "Sep26\NonPrimitiveDataTypes.csproj", "{27FB81CA-99C2-44D5-A6CB-5773170B28B4}"
EndProject
Project("{9A19103F-16F7-4668-BE54-9A1E7A4F7556}") = "PrimitiveDataTypes", "Sep25\PrimitiveDataTypes.csproj", "{FA427E12-B714-4EC4-97BC-CC67762DD0D5}"
EndProject
Project("{9A19103F-16F7-4668-BE54-9A1E7A4F7556}") = "Strings", "Sep27\Strings.csproj", "{711992EF-3291-4103-9B90-AFCC93A5100B}"
EndProject
Project("{9A19103F-16F7-4668-BE54-9A1E7A4F7556}") = "DateTime", "DateText\DateTime.csproj", "{553DACAB-B1EF-469E-9BA6-0BD031464F00}"
EndProject
Project("{9A19103F-16F7-4668-BE54-9A1E7A4F7556}") = "ArraysLists", "ArraysLists\ArraysLists.csproj", "{46B0ABA8-E435-409E-9EC6-12B26E95F0E3}"
EndProject
Project("{9A19103F-16F7-4668-BE54-9A1E7A4F7556}") = "StringSummary", "StringSummary\StringSummary.csproj", "{AC93F9B4-8F60-49AE-8719-8194507DE421}"
EndProject
Project("{FAE04EC0-301F-11D3-BF4B-00C04F79EFBC}") = "StringBuilder", "StringBuilder\StringBuilder.csproj", "{DF568A65-8336-47A6-89F9-652ECA747AD4}"
EndProject
Project("{FAE04EC0-301F-11D3-BF4B-00C04F79EFBC}") = "ProceduralProgramming", "ProceduralProgramming\ProceduralProgramming.csproj", "{58F79663-C54F-4EA1-A874-61A2D056A33C}"
EndProject
Project("{FAE04EC0-301F-11D3-BF4B-00C04F79EFBC}") = "FileSystem", "FileSystem\FileSystem.csproj", "{504CEE5F-23BD-461B-9E85-689EDEFBEE1A}"
EndProject
Global
	GlobalSection(SolutionConfigurationPlatforms) = preSolution
		Debug|Any CPU = Debug|Any CPU
		Release|Any CPU = Release|Any CPU
	EndGlobalSection
	GlobalSection(ProjectConfigurationPlatforms) = postSolution
		{27FB81CA-99C2-44D5-A6CB-5773170B28B4}.Debug|Any CPU.ActiveCfg = Debug|Any CPU
		{27FB81CA-99C2-44D5-A6CB-5773170B28B4}.Debug|Any CPU.Build.0 = Debug|Any CPU
		{27FB81CA-99C2-44D5-A6CB-5773170B28B4}.Release|Any CPU.ActiveCfg = Release|Any CPU
		{27FB81CA-99C2-44D5-A6CB-5773170B28B4}.Release|Any CPU.Build.0 = Release|Any CPU
		{FA427E12-B714-4EC4-97BC-CC67762DD0D5}.Debug|Any CPU.ActiveCfg = Debug|Any CPU
		{FA427E12-B714-4EC4-97BC-CC67762DD0D5}.Debug|Any CPU.Build.0 = Debug|Any CPU
		{FA427E12-B714-4EC4-97BC-CC67762DD0D5}.Release|Any CPU.ActiveCfg = Release|Any CPU
		{FA427E12-B714-4EC4-97BC-CC67762DD0D5}.Release|Any CPU.Build.0 = Release|Any CPU
		{711992EF-3291-4103-9B90-AFCC93A5100B}.Debug|Any CPU.ActiveCfg = Debug|Any CPU
		{711992EF-3291-4103-9B90-AFCC93A5100B}.Debug|Any CPU.Build.0 = Debug|Any CPU
		{711992EF-3291-4103-9B90-AFCC93A5100B}.Release|Any CPU.ActiveCfg = Release|Any CPU
		{711992EF-3291-4103-9B90-AFCC93A5100B}.Release|Any CPU.Build.0 = Release|Any CPU
		{553DACAB-B1EF-469E-9BA6-0BD031464F00}.Debug|Any CPU.ActiveCfg = Debug|Any CPU
		{553DACAB-B1EF-469E-9BA6-0BD031464F00}.Debug|Any CPU.Build.0 = Debug|Any CPU
		{553DACAB-B1EF-469E-9BA6-0BD031464F00}.Release|Any CPU.ActiveCfg = Release|Any CPU
		{553DACAB-B1EF-469E-9BA6-0BD031464F00}.Release|Any CPU.Build.0 = Release|Any CPU
		{46B0ABA8-E435-409E-9EC6-12B26E95F0E3}.Debug|Any CPU.ActiveCfg = Debug|Any CPU
		{46B0ABA8-E435-409E-9EC6-12B26E95F0E3}.Debug|Any CPU.Build.0 = Debug|Any CPU
		{46B0ABA8-E435-409E-9EC6-12B26E95F0E3}.Release|Any CPU.ActiveCfg = Release|Any CPU
		{46B0ABA8-E435-409E-9EC6-12B26E95F0E3}.Release|Any CPU.Build.0 = Release|Any CPU
		{AC93F9B4-8F60-49AE-8719-8194507DE421}.Debug|Any CPU.ActiveCfg = Debug|Any CPU
		{AC93F9B4-8F60-49AE-8719-8194507DE421}.Debug|Any CPU.Build.0 = Debug|Any CPU
		{AC93F9B4-8F60-49AE-8719-8194507DE421}.Release|Any CPU.ActiveCfg = Release|Any CPU
		{AC93F9B4-8F60-49AE-8719-8194507DE421}.Release|Any CPU.Build.0 = Release|Any CPU
		{DF568A65-8336-47A6-89F9-652ECA747AD4}.Debug|Any CPU.ActiveCfg = Debug|Any CPU
		{DF568A65-8336-47A6-89F9-652ECA747AD4}.Debug|Any CPU.Build.0 = Debug|Any CPU
		{DF568A65-8336-47A6-89F9-652ECA747AD4}.Release|Any CPU.ActiveCfg = Release|Any CPU
		{DF568A65-8336-47A6-89F9-652ECA747AD4}.Release|Any CPU.Build.0 = Release|Any CPU
		{58F79663-C54F-4EA1-A874-61A2D056A33C}.Debug|Any CPU.ActiveCfg = Debug|Any CPU
		{58F79663-C54F-4EA1-A874-61A2D056A33C}.Debug|Any CPU.Build.0 = Debug|Any CPU
		{58F79663-C54F-4EA1-A874-61A2D056A33C}.Release|Any CPU.ActiveCfg = Release|Any CPU
		{58F79663-C54F-4EA1-A874-61A2D056A33C}.Release|Any CPU.Build.0 = Release|Any CPU
		{504CEE5F-23BD-461B-9E85-689EDEFBEE1A}.Debug|Any CPU.ActiveCfg = Debug|Any CPU
		{504CEE5F-23BD-461B-9E85-689EDEFBEE1A}.Debug|Any CPU.Build.0 = Debug|Any CPU
		{504CEE5F-23BD-461B-9E85-689EDEFBEE1A}.Release|Any CPU.ActiveCfg = Release|Any CPU
		{504CEE5F-23BD-461B-9E85-689EDEFBEE1A}.Release|Any CPU.Build.0 = Release|Any CPU
	EndGlobalSection
	GlobalSection(SolutionProperties) = preSolution
		HideSolutionNode = FALSE
	EndGlobalSection
	GlobalSection(ExtensibilityGlobals) = postSolution
		SolutionGuid = {E655DEEC-3CAE-4B52-A067-D59714D98B3A}
	EndGlobalSection
EndGlobal
