
Microsoft Visual Studio Solution File, Format Version 12.00
# Visual Studio Version 17
VisualStudioVersion = 17.7.34031.279
MinimumVisualStudioVersion = 10.0.40219.1
Project("{9A19103F-16F7-4668-BE54-9A1E7A4F7556}") = "NonPrimitiveDataTypes", "Sep26\NonPrimitiveDataTypes.csproj", "{27FB81CA-99C2-44D5-A6CB-5773170B28B4}"
EndProject
Project("{9A19103F-16F7-4668-BE54-9A1E7A4F7556}") = "PrimitiveDataTypes", "Sep25\PrimitiveDataTypes.csproj", "{FA427E12-B714-4EC4-97BC-CC67762DD0D5}"
EndProject
Project("{9A19103F-16F7-4668-BE54-9A1E7A4F7556}") = "Strings", "Sep27\Strings.csproj", "{711992EF-3291-4103-9B90-AFCC93A5100B}"
EndProject
Project("{9A19103F-16F7-4668-BE54-9A1E7A4F7556}") = "DateTime", "DateText\DateTime.csproj", "{553DACAB-B1EF-469E-9BA6-0BD031464F00}"
EndProject
Project("{9A19103F-16F7-4668-BE54-9A1E7A4F7556}") = "ArraysLists", "ArraysLists\ArraysLists.csproj", "{46B0ABA8-E435-409E-9EC6-12B26E95F0E3}"
EndProject
Project("{9A19103F-16F7-4668-BE54-9A1E7A4F7556}") = "StringSummary", "StringSummary\StringSummary.csproj", "{AC93F9B4-8F60-49AE-8719-8194507DE421}"
EndProject
Project("{9A19103F-16F7-4668-BE54-9A1E7A4F7556}") = "StringBuilder", "StringBuilder\StringBuilder.csproj", "{DF568A65-8336-47A6-89F9-652ECA747AD4}"
EndProject
Project("{9A19103F-16F7-4668-BE54-9A1E7A4F7556}") = "ProceduralProgramming", "ProceduralProgramming\ProceduralProgramming.csproj", "{58F79663-C54F-4EA1-A874-61A2D056A33C}"
EndProject
Project("{9A19103F-16F7-4668-BE54-9A1E7A4F7556}") = "FileSystem", "FileSystem\FileSystem.csproj", "{504CEE5F-23BD-461B-9E85-689EDEFBEE1A}"
EndProject
Project("{9A19103F-16F7-4668-BE54-9A1E7A4F7556}") = "Revision", "Revision\Revision.csproj", "{73E8DB96-A5E8-4ED6-8143-9E4CF28E13B3}"
EndProject
Project("{9A19103F-16F7-4668-BE54-9A1E7A4F7556}") = "Classes", "Classes\Classes.csproj", "{7702F85F-D8C7-4E0A-B41F-4718BD28A8FF}"
EndProject
Project("{9A19103F-16F7-4668-BE54-9A1E7A4F7556}") = "BruteForce", "BruteForce\BruteForce.csproj", "{149B2C83-862F-443F-A532-29D337E97DD8}"
EndProject
Project("{9A19103F-16F7-4668-BE54-9A1E7A4F7556}") = "Methods", "Methods\Methods.csproj", "{AE705386-1E15-420F-A71A-6D42B814CAD9}"
EndProject
Project("{9A19103F-16F7-4668-BE54-9A1E7A4F7556}") = "Points", "Points\Points.csproj", "{CF4A40CB-7D93-488F-A85A-B70C2957F2B2}"
EndProject
Project("{9A19103F-16F7-4668-BE54-9A1E7A4F7556}") = "Encapsulation", "Encapsulation\Encapsulation.csproj", "{0CCA05C7-142B-4C2B-8FD7-ADEE24E6872B}"
EndProject
Project("{9A19103F-16F7-4668-BE54-9A1E7A4F7556}") = "Inheritance", "Inheritance\Inheritance.csproj", "{4EA67B11-29E4-4CA4-84FC-68589BB0F96C}"
EndProject
Project("{9A19103F-16F7-4668-BE54-9A1E7A4F7556}") = "ClassesExercise", "ClassesExercise\ClassesExercise.csproj", "{35B2FC4A-AE55-4B6C-8E7A-6CF4A4799A33}"
EndProject
Project("{9A19103F-16F7-4668-BE54-9A1E7A4F7556}") = "InheritanceAccessModifier", "InheritanceAccessModifier\InheritanceAccessModifier.csproj", "{D272C6D6-6D9C-443B-B2AD-FF76D3EF0902}"
EndProject
Project("{9A19103F-16F7-4668-BE54-9A1E7A4F7556}") = "InternalAmazon", "Amazon\InternalAmazon.csproj", "{CE30D575-06B2-4642-96EB-C5C5948F94C0}"
EndProject
Project("{9A19103F-16F7-4668-BE54-9A1E7A4F7556}") = "InheritanceConstructor", "InheritanceConstructor\InheritanceConstructor.csproj", "{740D063E-6A19-46A6-B93C-2BCCB84E628B}"
EndProject
Project("{9A19103F-16F7-4668-BE54-9A1E7A4F7556}") = "UpcastingDowncasting", "UpcastingDowncasting\UpcastingDowncasting.csproj", "{3E90875F-D389-478D-9307-4692293C3447}"
EndProject
Project("{9A19103F-16F7-4668-BE54-9A1E7A4F7556}") = "MethodOverriding", "MethodOverriding\MethodOverriding.csproj", "{2401530F-8B61-4D31-971F-42AD2B7D9BA3}"
EndProject
Project("{9A19103F-16F7-4668-BE54-9A1E7A4F7556}") = "AbstractClassMembers", "AbstractClassMembers\AbstractClassMembers.csproj", "{7CE749AD-D201-4B7B-BDAA-8039AF24E737}"
EndProject
Project("{9A19103F-16F7-4668-BE54-9A1E7A4F7556}") = "InterfaceTestability", "InterfaceTestibility\InterfaceTestability.csproj", "{24AA6D3E-29D4-4BB3-A942-98668ADBEDF3}"
EndProject
Project("{FAE04EC0-301F-11D3-BF4B-00C04F79EFBC}") = "Testability.UnitTests", "InterfaceTestablility.UnitTests\Testability.UnitTests.csproj", "{FD385352-BBF4-4AEA-A58D-B5EB91495CFE}"
EndProject
Project("{9A19103F-16F7-4668-BE54-9A1E7A4F7556}") = "Interface", "Interface\Interface.csproj", "{6813027A-BDF0-46B4-ACA6-86A97A60C591}"
EndProject
Project("{9A19103F-16F7-4668-BE54-9A1E7A4F7556}") = "InheritanceExercise", "InheritanceExercise\InheritanceExercise.csproj", "{209B06C2-3E3E-4C83-A155-DF0FE0FA7572}"
EndProject
Project("{9A19103F-16F7-4668-BE54-9A1E7A4F7556}") = "PolymorphismExercise", "PolymorphismExercise\PolymorphismExercise.csproj", "{9EB9DAAC-3A32-4FE2-970E-D1DF83A0A2ED}"
EndProject
Project("{9A19103F-16F7-4668-BE54-9A1E7A4F7556}") = "CSharpIntermediate_Revision", "CSharpIntermediate_Revision\CSharpIntermediate_Revision.csproj", "{86B9165A-A351-492D-84DD-BA729A0BC19B}"
EndProject
Project("{9A19103F-16F7-4668-BE54-9A1E7A4F7556}") = "ExtensionMeth", "ExtensionMeth\ExtensionMeth.csproj", "{1DB98385-5CAD-4DD3-B85B-4CEECA00CE24}"
EndProject
Project("{9A19103F-16F7-4668-BE54-9A1E7A4F7556}") = "Indexers", "Indexers\Indexers.csproj", "{FFB7C014-B0AB-4B36-BF66-6D177273CB5F}"
EndProject
Project("{9A19103F-16F7-4668-BE54-9A1E7A4F7556}") = "InterfaceRevision", "InterfaceRevision\InterfaceRevision.csproj", "{366691C0-810C-4094-97B3-86D0A30D724A}"
EndProject
Project("{9A19103F-16F7-4668-BE54-9A1E7A4F7556}") = "AssemblyOne", "AssemblyOne\AssemblyOne.csproj", "{6AFF1DE0-89BF-4760-A78C-1D8398B55F2C}"
EndProject
Project("{9A19103F-16F7-4668-BE54-9A1E7A4F7556}") = "AssemblyyTwo", "AssemblyyTwo\AssemblyyTwo.csproj", "{E316DE35-3B18-4C95-88A2-03DFF1F3E5FA}"
EndProject
Project("{9A19103F-16F7-4668-BE54-9A1E7A4F7556}") = "CompositionWithInterfaces", "CompositionWithInterfaces\CompositionWithInterfaces.csproj", "{8968597A-D610-42CA-8E31-E128E642165D}"
EndProject
Project("{9A19103F-16F7-4668-BE54-9A1E7A4F7556}") = "StructVsClass", "StructVsClass\StructVsClass.csproj", "{42034890-C547-4938-8730-C4DBBD0165A7}"
EndProject
Project("{9A19103F-16F7-4668-BE54-9A1E7A4F7556}") = "RevisionBeg&Adv", "RevisionBeg&Adv\RevisionBeg&Adv.csproj", "{76D7F863-9A5D-4C50-8D17-8734779C5FF4}"
EndProject
Project("{FAE04EC0-301F-11D3-BF4B-00C04F79EFBC}") = "CSharpAdvanced", "CSharpAdvanced\CSharpAdvanced.csproj", "{DCC84522-96ED-4541-85F3-208726E497C4}"
EndProject
Global
	GlobalSection(SolutionConfigurationPlatforms) = preSolution
		Debug|Any CPU = Debug|Any CPU
		Release|Any CPU = Release|Any CPU
	EndGlobalSection
	GlobalSection(ProjectConfigurationPlatforms) = postSolution
		{27FB81CA-99C2-44D5-A6CB-5773170B28B4}.Debug|Any CPU.ActiveCfg = Debug|Any CPU
		{27FB81CA-99C2-44D5-A6CB-5773170B28B4}.Debug|Any CPU.Build.0 = Debug|Any CPU
		{27FB81CA-99C2-44D5-A6CB-5773170B28B4}.Release|Any CPU.ActiveCfg = Release|Any CPU
		{27FB81CA-99C2-44D5-A6CB-5773170B28B4}.Release|Any CPU.Build.0 = Release|Any CPU
		{FA427E12-B714-4EC4-97BC-CC67762DD0D5}.Debug|Any CPU.ActiveCfg = Debug|Any CPU
		{FA427E12-B714-4EC4-97BC-CC67762DD0D5}.Debug|Any CPU.Build.0 = Debug|Any CPU
		{FA427E12-B714-4EC4-97BC-CC67762DD0D5}.Release|Any CPU.ActiveCfg = Release|Any CPU
		{FA427E12-B714-4EC4-97BC-CC67762DD0D5}.Release|Any CPU.Build.0 = Release|Any CPU
		{711992EF-3291-4103-9B90-AFCC93A5100B}.Debug|Any CPU.ActiveCfg = Debug|Any CPU
		{711992EF-3291-4103-9B90-AFCC93A5100B}.Debug|Any CPU.Build.0 = Debug|Any CPU
		{711992EF-3291-4103-9B90-AFCC93A5100B}.Release|Any CPU.ActiveCfg = Release|Any CPU
		{711992EF-3291-4103-9B90-AFCC93A5100B}.Release|Any CPU.Build.0 = Release|Any CPU
		{553DACAB-B1EF-469E-9BA6-0BD031464F00}.Debug|Any CPU.ActiveCfg = Debug|Any CPU
		{553DACAB-B1EF-469E-9BA6-0BD031464F00}.Debug|Any CPU.Build.0 = Debug|Any CPU
		{553DACAB-B1EF-469E-9BA6-0BD031464F00}.Release|Any CPU.ActiveCfg = Release|Any CPU
		{553DACAB-B1EF-469E-9BA6-0BD031464F00}.Release|Any CPU.Build.0 = Release|Any CPU
		{46B0ABA8-E435-409E-9EC6-12B26E95F0E3}.Debug|Any CPU.ActiveCfg = Debug|Any CPU
		{46B0ABA8-E435-409E-9EC6-12B26E95F0E3}.Debug|Any CPU.Build.0 = Debug|Any CPU
		{46B0ABA8-E435-409E-9EC6-12B26E95F0E3}.Release|Any CPU.ActiveCfg = Release|Any CPU
		{46B0ABA8-E435-409E-9EC6-12B26E95F0E3}.Release|Any CPU.Build.0 = Release|Any CPU
		{AC93F9B4-8F60-49AE-8719-8194507DE421}.Debug|Any CPU.ActiveCfg = Debug|Any CPU
		{AC93F9B4-8F60-49AE-8719-8194507DE421}.Debug|Any CPU.Build.0 = Debug|Any CPU
		{AC93F9B4-8F60-49AE-8719-8194507DE421}.Release|Any CPU.ActiveCfg = Release|Any CPU
		{AC93F9B4-8F60-49AE-8719-8194507DE421}.Release|Any CPU.Build.0 = Release|Any CPU
		{DF568A65-8336-47A6-89F9-652ECA747AD4}.Debug|Any CPU.ActiveCfg = Debug|Any CPU
		{DF568A65-8336-47A6-89F9-652ECA747AD4}.Debug|Any CPU.Build.0 = Debug|Any CPU
		{DF568A65-8336-47A6-89F9-652ECA747AD4}.Release|Any CPU.ActiveCfg = Release|Any CPU
		{DF568A65-8336-47A6-89F9-652ECA747AD4}.Release|Any CPU.Build.0 = Release|Any CPU
		{58F79663-C54F-4EA1-A874-61A2D056A33C}.Debug|Any CPU.ActiveCfg = Debug|Any CPU
		{58F79663-C54F-4EA1-A874-61A2D056A33C}.Debug|Any CPU.Build.0 = Debug|Any CPU
		{58F79663-C54F-4EA1-A874-61A2D056A33C}.Release|Any CPU.ActiveCfg = Release|Any CPU
		{58F79663-C54F-4EA1-A874-61A2D056A33C}.Release|Any CPU.Build.0 = Release|Any CPU
		{504CEE5F-23BD-461B-9E85-689EDEFBEE1A}.Debug|Any CPU.ActiveCfg = Debug|Any CPU
		{504CEE5F-23BD-461B-9E85-689EDEFBEE1A}.Debug|Any CPU.Build.0 = Debug|Any CPU
		{504CEE5F-23BD-461B-9E85-689EDEFBEE1A}.Release|Any CPU.ActiveCfg = Release|Any CPU
		{504CEE5F-23BD-461B-9E85-689EDEFBEE1A}.Release|Any CPU.Build.0 = Release|Any CPU
		{73E8DB96-A5E8-4ED6-8143-9E4CF28E13B3}.Debug|Any CPU.ActiveCfg = Debug|Any CPU
		{73E8DB96-A5E8-4ED6-8143-9E4CF28E13B3}.Debug|Any CPU.Build.0 = Debug|Any CPU
		{73E8DB96-A5E8-4ED6-8143-9E4CF28E13B3}.Release|Any CPU.ActiveCfg = Release|Any CPU
		{73E8DB96-A5E8-4ED6-8143-9E4CF28E13B3}.Release|Any CPU.Build.0 = Release|Any CPU
		{7702F85F-D8C7-4E0A-B41F-4718BD28A8FF}.Debug|Any CPU.ActiveCfg = Debug|Any CPU
		{7702F85F-D8C7-4E0A-B41F-4718BD28A8FF}.Debug|Any CPU.Build.0 = Debug|Any CPU
		{7702F85F-D8C7-4E0A-B41F-4718BD28A8FF}.Release|Any CPU.ActiveCfg = Release|Any CPU
		{7702F85F-D8C7-4E0A-B41F-4718BD28A8FF}.Release|Any CPU.Build.0 = Release|Any CPU
		{149B2C83-862F-443F-A532-29D337E97DD8}.Debug|Any CPU.ActiveCfg = Debug|Any CPU
		{149B2C83-862F-443F-A532-29D337E97DD8}.Debug|Any CPU.Build.0 = Debug|Any CPU
		{149B2C83-862F-443F-A532-29D337E97DD8}.Release|Any CPU.ActiveCfg = Release|Any CPU
		{149B2C83-862F-443F-A532-29D337E97DD8}.Release|Any CPU.Build.0 = Release|Any CPU
		{AE705386-1E15-420F-A71A-6D42B814CAD9}.Debug|Any CPU.ActiveCfg = Debug|Any CPU
		{AE705386-1E15-420F-A71A-6D42B814CAD9}.Debug|Any CPU.Build.0 = Debug|Any CPU
		{AE705386-1E15-420F-A71A-6D42B814CAD9}.Release|Any CPU.ActiveCfg = Release|Any CPU
		{AE705386-1E15-420F-A71A-6D42B814CAD9}.Release|Any CPU.Build.0 = Release|Any CPU
		{CF4A40CB-7D93-488F-A85A-B70C2957F2B2}.Debug|Any CPU.ActiveCfg = Debug|Any CPU
		{CF4A40CB-7D93-488F-A85A-B70C2957F2B2}.Debug|Any CPU.Build.0 = Debug|Any CPU
		{CF4A40CB-7D93-488F-A85A-B70C2957F2B2}.Release|Any CPU.ActiveCfg = Release|Any CPU
		{CF4A40CB-7D93-488F-A85A-B70C2957F2B2}.Release|Any CPU.Build.0 = Release|Any CPU
		{0CCA05C7-142B-4C2B-8FD7-ADEE24E6872B}.Debug|Any CPU.ActiveCfg = Debug|Any CPU
		{0CCA05C7-142B-4C2B-8FD7-ADEE24E6872B}.Debug|Any CPU.Build.0 = Debug|Any CPU
		{0CCA05C7-142B-4C2B-8FD7-ADEE24E6872B}.Release|Any CPU.ActiveCfg = Release|Any CPU
		{0CCA05C7-142B-4C2B-8FD7-ADEE24E6872B}.Release|Any CPU.Build.0 = Release|Any CPU
		{4EA67B11-29E4-4CA4-84FC-68589BB0F96C}.Debug|Any CPU.ActiveCfg = Debug|Any CPU
		{4EA67B11-29E4-4CA4-84FC-68589BB0F96C}.Debug|Any CPU.Build.0 = Debug|Any CPU
		{4EA67B11-29E4-4CA4-84FC-68589BB0F96C}.Release|Any CPU.ActiveCfg = Release|Any CPU
		{4EA67B11-29E4-4CA4-84FC-68589BB0F96C}.Release|Any CPU.Build.0 = Release|Any CPU
		{35B2FC4A-AE55-4B6C-8E7A-6CF4A4799A33}.Debug|Any CPU.ActiveCfg = Debug|Any CPU
		{35B2FC4A-AE55-4B6C-8E7A-6CF4A4799A33}.Debug|Any CPU.Build.0 = Debug|Any CPU
		{35B2FC4A-AE55-4B6C-8E7A-6CF4A4799A33}.Release|Any CPU.ActiveCfg = Release|Any CPU
		{35B2FC4A-AE55-4B6C-8E7A-6CF4A4799A33}.Release|Any CPU.Build.0 = Release|Any CPU
		{D272C6D6-6D9C-443B-B2AD-FF76D3EF0902}.Debug|Any CPU.ActiveCfg = Debug|Any CPU
		{D272C6D6-6D9C-443B-B2AD-FF76D3EF0902}.Debug|Any CPU.Build.0 = Debug|Any CPU
		{D272C6D6-6D9C-443B-B2AD-FF76D3EF0902}.Release|Any CPU.ActiveCfg = Release|Any CPU
		{D272C6D6-6D9C-443B-B2AD-FF76D3EF0902}.Release|Any CPU.Build.0 = Release|Any CPU
		{CE30D575-06B2-4642-96EB-C5C5948F94C0}.Debug|Any CPU.ActiveCfg = Debug|Any CPU
		{CE30D575-06B2-4642-96EB-C5C5948F94C0}.Debug|Any CPU.Build.0 = Debug|Any CPU
		{CE30D575-06B2-4642-96EB-C5C5948F94C0}.Release|Any CPU.ActiveCfg = Release|Any CPU
		{CE30D575-06B2-4642-96EB-C5C5948F94C0}.Release|Any CPU.Build.0 = Release|Any CPU
		{740D063E-6A19-46A6-B93C-2BCCB84E628B}.Debug|Any CPU.ActiveCfg = Debug|Any CPU
		{740D063E-6A19-46A6-B93C-2BCCB84E628B}.Debug|Any CPU.Build.0 = Debug|Any CPU
		{740D063E-6A19-46A6-B93C-2BCCB84E628B}.Release|Any CPU.ActiveCfg = Release|Any CPU
		{740D063E-6A19-46A6-B93C-2BCCB84E628B}.Release|Any CPU.Build.0 = Release|Any CPU
		{3E90875F-D389-478D-9307-4692293C3447}.Debug|Any CPU.ActiveCfg = Debug|Any CPU
		{3E90875F-D389-478D-9307-4692293C3447}.Debug|Any CPU.Build.0 = Debug|Any CPU
		{3E90875F-D389-478D-9307-4692293C3447}.Release|Any CPU.ActiveCfg = Release|Any CPU
		{3E90875F-D389-478D-9307-4692293C3447}.Release|Any CPU.Build.0 = Release|Any CPU
		{2401530F-8B61-4D31-971F-42AD2B7D9BA3}.Debug|Any CPU.ActiveCfg = Debug|Any CPU
		{2401530F-8B61-4D31-971F-42AD2B7D9BA3}.Debug|Any CPU.Build.0 = Debug|Any CPU
		{2401530F-8B61-4D31-971F-42AD2B7D9BA3}.Release|Any CPU.ActiveCfg = Release|Any CPU
		{2401530F-8B61-4D31-971F-42AD2B7D9BA3}.Release|Any CPU.Build.0 = Release|Any CPU
		{7CE749AD-D201-4B7B-BDAA-8039AF24E737}.Debug|Any CPU.ActiveCfg = Debug|Any CPU
		{7CE749AD-D201-4B7B-BDAA-8039AF24E737}.Debug|Any CPU.Build.0 = Debug|Any CPU
		{7CE749AD-D201-4B7B-BDAA-8039AF24E737}.Release|Any CPU.ActiveCfg = Release|Any CPU
		{7CE749AD-D201-4B7B-BDAA-8039AF24E737}.Release|Any CPU.Build.0 = Release|Any CPU
		{24AA6D3E-29D4-4BB3-A942-98668ADBEDF3}.Debug|Any CPU.ActiveCfg = Debug|Any CPU
		{24AA6D3E-29D4-4BB3-A942-98668ADBEDF3}.Debug|Any CPU.Build.0 = Debug|Any CPU
		{24AA6D3E-29D4-4BB3-A942-98668ADBEDF3}.Release|Any CPU.ActiveCfg = Release|Any CPU
		{24AA6D3E-29D4-4BB3-A942-98668ADBEDF3}.Release|Any CPU.Build.0 = Release|Any CPU
		{FD385352-BBF4-4AEA-A58D-B5EB91495CFE}.Debug|Any CPU.ActiveCfg = Debug|Any CPU
		{FD385352-BBF4-4AEA-A58D-B5EB91495CFE}.Debug|Any CPU.Build.0 = Debug|Any CPU
		{FD385352-BBF4-4AEA-A58D-B5EB91495CFE}.Release|Any CPU.ActiveCfg = Release|Any CPU
		{FD385352-BBF4-4AEA-A58D-B5EB91495CFE}.Release|Any CPU.Build.0 = Release|Any CPU
		{6813027A-BDF0-46B4-ACA6-86A97A60C591}.Debug|Any CPU.ActiveCfg = Debug|Any CPU
		{6813027A-BDF0-46B4-ACA6-86A97A60C591}.Debug|Any CPU.Build.0 = Debug|Any CPU
		{6813027A-BDF0-46B4-ACA6-86A97A60C591}.Release|Any CPU.ActiveCfg = Release|Any CPU
		{6813027A-BDF0-46B4-ACA6-86A97A60C591}.Release|Any CPU.Build.0 = Release|Any CPU
		{209B06C2-3E3E-4C83-A155-DF0FE0FA7572}.Debug|Any CPU.ActiveCfg = Debug|Any CPU
		{209B06C2-3E3E-4C83-A155-DF0FE0FA7572}.Debug|Any CPU.Build.0 = Debug|Any CPU
		{209B06C2-3E3E-4C83-A155-DF0FE0FA7572}.Release|Any CPU.ActiveCfg = Release|Any CPU
		{209B06C2-3E3E-4C83-A155-DF0FE0FA7572}.Release|Any CPU.Build.0 = Release|Any CPU
		{9EB9DAAC-3A32-4FE2-970E-D1DF83A0A2ED}.Debug|Any CPU.ActiveCfg = Debug|Any CPU
		{9EB9DAAC-3A32-4FE2-970E-D1DF83A0A2ED}.Debug|Any CPU.Build.0 = Debug|Any CPU
		{9EB9DAAC-3A32-4FE2-970E-D1DF83A0A2ED}.Release|Any CPU.ActiveCfg = Release|Any CPU
		{9EB9DAAC-3A32-4FE2-970E-D1DF83A0A2ED}.Release|Any CPU.Build.0 = Release|Any CPU
		{86B9165A-A351-492D-84DD-BA729A0BC19B}.Debug|Any CPU.ActiveCfg = Debug|Any CPU
		{86B9165A-A351-492D-84DD-BA729A0BC19B}.Debug|Any CPU.Build.0 = Debug|Any CPU
		{86B9165A-A351-492D-84DD-BA729A0BC19B}.Release|Any CPU.ActiveCfg = Release|Any CPU
		{86B9165A-A351-492D-84DD-BA729A0BC19B}.Release|Any CPU.Build.0 = Release|Any CPU
		{1DB98385-5CAD-4DD3-B85B-4CEECA00CE24}.Debug|Any CPU.ActiveCfg = Debug|Any CPU
		{1DB98385-5CAD-4DD3-B85B-4CEECA00CE24}.Debug|Any CPU.Build.0 = Debug|Any CPU
		{1DB98385-5CAD-4DD3-B85B-4CEECA00CE24}.Release|Any CPU.ActiveCfg = Release|Any CPU
		{1DB98385-5CAD-4DD3-B85B-4CEECA00CE24}.Release|Any CPU.Build.0 = Release|Any CPU
		{FFB7C014-B0AB-4B36-BF66-6D177273CB5F}.Debug|Any CPU.ActiveCfg = Debug|Any CPU
		{FFB7C014-B0AB-4B36-BF66-6D177273CB5F}.Debug|Any CPU.Build.0 = Debug|Any CPU
		{FFB7C014-B0AB-4B36-BF66-6D177273CB5F}.Release|Any CPU.ActiveCfg = Release|Any CPU
		{FFB7C014-B0AB-4B36-BF66-6D177273CB5F}.Release|Any CPU.Build.0 = Release|Any CPU
		{366691C0-810C-4094-97B3-86D0A30D724A}.Debug|Any CPU.ActiveCfg = Debug|Any CPU
		{366691C0-810C-4094-97B3-86D0A30D724A}.Debug|Any CPU.Build.0 = Debug|Any CPU
		{366691C0-810C-4094-97B3-86D0A30D724A}.Release|Any CPU.ActiveCfg = Release|Any CPU
		{366691C0-810C-4094-97B3-86D0A30D724A}.Release|Any CPU.Build.0 = Release|Any CPU
		{6AFF1DE0-89BF-4760-A78C-1D8398B55F2C}.Debug|Any CPU.ActiveCfg = Debug|Any CPU
		{6AFF1DE0-89BF-4760-A78C-1D8398B55F2C}.Debug|Any CPU.Build.0 = Debug|Any CPU
		{6AFF1DE0-89BF-4760-A78C-1D8398B55F2C}.Release|Any CPU.ActiveCfg = Release|Any CPU
		{6AFF1DE0-89BF-4760-A78C-1D8398B55F2C}.Release|Any CPU.Build.0 = Release|Any CPU
		{E316DE35-3B18-4C95-88A2-03DFF1F3E5FA}.Debug|Any CPU.ActiveCfg = Debug|Any CPU
		{E316DE35-3B18-4C95-88A2-03DFF1F3E5FA}.Debug|Any CPU.Build.0 = Debug|Any CPU
		{E316DE35-3B18-4C95-88A2-03DFF1F3E5FA}.Release|Any CPU.ActiveCfg = Release|Any CPU
		{E316DE35-3B18-4C95-88A2-03DFF1F3E5FA}.Release|Any CPU.Build.0 = Release|Any CPU
		{8968597A-D610-42CA-8E31-E128E642165D}.Debug|Any CPU.ActiveCfg = Debug|Any CPU
		{8968597A-D610-42CA-8E31-E128E642165D}.Debug|Any CPU.Build.0 = Debug|Any CPU
		{8968597A-D610-42CA-8E31-E128E642165D}.Release|Any CPU.ActiveCfg = Release|Any CPU
		{8968597A-D610-42CA-8E31-E128E642165D}.Release|Any CPU.Build.0 = Release|Any CPU
		{42034890-C547-4938-8730-C4DBBD0165A7}.Debug|Any CPU.ActiveCfg = Debug|Any CPU
		{42034890-C547-4938-8730-C4DBBD0165A7}.Debug|Any CPU.Build.0 = Debug|Any CPU
		{42034890-C547-4938-8730-C4DBBD0165A7}.Release|Any CPU.ActiveCfg = Release|Any CPU
		{42034890-C547-4938-8730-C4DBBD0165A7}.Release|Any CPU.Build.0 = Release|Any CPU
		{76D7F863-9A5D-4C50-8D17-8734779C5FF4}.Debug|Any CPU.ActiveCfg = Debug|Any CPU
		{76D7F863-9A5D-4C50-8D17-8734779C5FF4}.Debug|Any CPU.Build.0 = Debug|Any CPU
		{76D7F863-9A5D-4C50-8D17-8734779C5FF4}.Release|Any CPU.ActiveCfg = Release|Any CPU
		{76D7F863-9A5D-4C50-8D17-8734779C5FF4}.Release|Any CPU.Build.0 = Release|Any CPU
		{DCC84522-96ED-4541-85F3-208726E497C4}.Debug|Any CPU.ActiveCfg = Debug|Any CPU
		{DCC84522-96ED-4541-85F3-208726E497C4}.Debug|Any CPU.Build.0 = Debug|Any CPU
		{DCC84522-96ED-4541-85F3-208726E497C4}.Release|Any CPU.ActiveCfg = Release|Any CPU
		{DCC84522-96ED-4541-85F3-208726E497C4}.Release|Any CPU.Build.0 = Release|Any CPU
	EndGlobalSection
	GlobalSection(SolutionProperties) = preSolution
		HideSolutionNode = FALSE
	EndGlobalSection
	GlobalSection(ExtensibilityGlobals) = postSolution
		SolutionGuid = {E655DEEC-3CAE-4B52-A067-D59714D98B3A}
	EndGlobalSection
EndGlobal
