
Microsoft Visual Studio Solution File, Format Version 12.00
# Visual Studio Version 17
VisualStudioVersion = 17.7.34031.279
MinimumVisualStudioVersion = 10.0.40219.1
Project("{9A19103F-16F7-4668-BE54-9A1E7A4F7556}") = "NonPrimitiveDataTypes", "Sep26\NonPrimitiveDataTypes.csproj", "{27FB81CA-99C2-44D5-A6CB-5773170B28B4}"
EndProject
Project("{9A19103F-16F7-4668-BE54-9A1E7A4F7556}") = "PrimitiveDataTypes", "Sep25\PrimitiveDataTypes.csproj", "{FA427E12-B714-4EC4-97BC-CC67762DD0D5}"
EndProject
Project("{9A19103F-16F7-4668-BE54-9A1E7A4F7556}") = "Strings", "Sep27\Strings.csproj", "{711992EF-3291-4103-9B90-AFCC93A5100B}"
EndProject
Project("{9A19103F-16F7-4668-BE54-9A1E7A4F7556}") = "DateTime", "DateText\DateTime.csproj", "{553DACAB-B1EF-469E-9BA6-0BD031464F00}"
EndProject
Project("{9A19103F-16F7-4668-BE54-9A1E7A4F7556}") = "ArraysLists", "ArraysLists\ArraysLists.csproj", "{46B0ABA8-E435-409E-9EC6-12B26E95F0E3}"
EndProject
Project("{9A19103F-16F7-4668-BE54-9A1E7A4F7556}") = "StringSummary", "StringSummary\StringSummary.csproj", "{AC93F9B4-8F60-49AE-8719-8194507DE421}"
EndProject
Project("{9A19103F-16F7-4668-BE54-9A1E7A4F7556}") = "StringBuilder", "StringBuilder\StringBuilder.csproj", "{DF568A65-8336-47A6-89F9-652ECA747AD4}"
EndProject
Project("{9A19103F-16F7-4668-BE54-9A1E7A4F7556}") = "ProceduralProgramming", "ProceduralProgramming\ProceduralProgramming.csproj", "{58F79663-C54F-4EA1-A874-61A2D056A33C}"
EndProject
Project("{9A19103F-16F7-4668-BE54-9A1E7A4F7556}") = "FileSystem", "FileSystem\FileSystem.csproj", "{504CEE5F-23BD-461B-9E85-689EDEFBEE1A}"
EndProject
Project("{9A19103F-16F7-4668-BE54-9A1E7A4F7556}") = "Revision", "Revision\Revision.csproj", "{73E8DB96-A5E8-4ED6-8143-9E4CF28E13B3}"
EndProject
Project("{9A19103F-16F7-4668-BE54-9A1E7A4F7556}") = "Classes", "Classes\Classes.csproj", "{7702F85F-D8C7-4E0A-B41F-4718BD28A8FF}"
EndProject
Project("{9A19103F-16F7-4668-BE54-9A1E7A4F7556}") = "BruteForce", "BruteForce\BruteForce.csproj", "{149B2C83-862F-443F-A532-29D337E97DD8}"
EndProject
Project("{9A19103F-16F7-4668-BE54-9A1E7A4F7556}") = "Methods", "Methods\Methods.csproj", "{AE705386-1E15-420F-A71A-6D42B814CAD9}"
EndProject
Project("{9A19103F-16F7-4668-BE54-9A1E7A4F7556}") = "Points", "Points\Points.csproj", "{CF4A40CB-7D93-488F-A85A-B70C2957F2B2}"
EndProject
Project("{9A19103F-16F7-4668-BE54-9A1E7A4F7556}") = "Encapsulation", "Encapsulation\Encapsulation.csproj", "{0CCA05C7-142B-4C2B-8FD7-ADEE24E6872B}"
EndProject
Project("{9A19103F-16F7-4668-BE54-9A1E7A4F7556}") = "Inheritance", "Inheritance\Inheritance.csproj", "{4EA67B11-29E4-4CA4-84FC-68589BB0F96C}"
EndProject
Project("{FAE04EC0-301F-11D3-BF4B-00C04F79EFBC}") = "ClassesExercise", "ClassesExercise\ClassesExercise.csproj", "{35B2FC4A-AE55-4B6C-8E7A-6CF4A4799A33}"
EndProject
Global
	GlobalSection(SolutionConfigurationPlatforms) = preSolution
		Debug|Any CPU = Debug|Any CPU
		Release|Any CPU = Release|Any CPU
	EndGlobalSection
	GlobalSection(ProjectConfigurationPlatforms) = postSolution
		{27FB81CA-99C2-44D5-A6CB-5773170B28B4}.Debug|Any CPU.ActiveCfg = Debug|Any CPU
		{27FB81CA-99C2-44D5-A6CB-5773170B28B4}.Debug|Any CPU.Build.0 = Debug|Any CPU
		{27FB81CA-99C2-44D5-A6CB-5773170B28B4}.Release|Any CPU.ActiveCfg = Release|Any CPU
		{27FB81CA-99C2-44D5-A6CB-5773170B28B4}.Release|Any CPU.Build.0 = Release|Any CPU
		{FA427E12-B714-4EC4-97BC-CC67762DD0D5}.Debug|Any CPU.ActiveCfg = Debug|Any CPU
		{FA427E12-B714-4EC4-97BC-CC67762DD0D5}.Debug|Any CPU.Build.0 = Debug|Any CPU
		{FA427E12-B714-4EC4-97BC-CC67762DD0D5}.Release|Any CPU.ActiveCfg = Release|Any CPU
		{FA427E12-B714-4EC4-97BC-CC67762DD0D5}.Release|Any CPU.Build.0 = Release|Any CPU
		{711992EF-3291-4103-9B90-AFCC93A5100B}.Debug|Any CPU.ActiveCfg = Debug|Any CPU
		{711992EF-3291-4103-9B90-AFCC93A5100B}.Debug|Any CPU.Build.0 = Debug|Any CPU
		{711992EF-3291-4103-9B90-AFCC93A5100B}.Release|Any CPU.ActiveCfg = Release|Any CPU
		{711992EF-3291-4103-9B90-AFCC93A5100B}.Release|Any CPU.Build.0 = Release|Any CPU
		{553DACAB-B1EF-469E-9BA6-0BD031464F00}.Debug|Any CPU.ActiveCfg = Debug|Any CPU
		{553DACAB-B1EF-469E-9BA6-0BD031464F00}.Debug|Any CPU.Build.0 = Debug|Any CPU
		{553DACAB-B1EF-469E-9BA6-0BD031464F00}.Release|Any CPU.ActiveCfg = Release|Any CPU
		{553DACAB-B1EF-469E-9BA6-0BD031464F00}.Release|Any CPU.Build.0 = Release|Any CPU
		{46B0ABA8-E435-409E-9EC6-12B26E95F0E3}.Debug|Any CPU.ActiveCfg = Debug|Any CPU
		{46B0ABA8-E435-409E-9EC6-12B26E95F0E3}.Debug|Any CPU.Build.0 = Debug|Any CPU
		{46B0ABA8-E435-409E-9EC6-12B26E95F0E3}.Release|Any CPU.ActiveCfg = Release|Any CPU
		{46B0ABA8-E435-409E-9EC6-12B26E95F0E3}.Release|Any CPU.Build.0 = Release|Any CPU
		{AC93F9B4-8F60-49AE-8719-8194507DE421}.Debug|Any CPU.ActiveCfg = Debug|Any CPU
		{AC93F9B4-8F60-49AE-8719-8194507DE421}.Debug|Any CPU.Build.0 = Debug|Any CPU
		{AC93F9B4-8F60-49AE-8719-8194507DE421}.Release|Any CPU.ActiveCfg = Release|Any CPU
		{AC93F9B4-8F60-49AE-8719-8194507DE421}.Release|Any CPU.Build.0 = Release|Any CPU
		{DF568A65-8336-47A6-89F9-652ECA747AD4}.Debug|Any CPU.ActiveCfg = Debug|Any CPU
		{DF568A65-8336-47A6-89F9-652ECA747AD4}.Debug|Any CPU.Build.0 = Debug|Any CPU
		{DF568A65-8336-47A6-89F9-652ECA747AD4}.Release|Any CPU.ActiveCfg = Release|Any CPU
		{DF568A65-8336-47A6-89F9-652ECA747AD4}.Release|Any CPU.Build.0 = Release|Any CPU
		{58F79663-C54F-4EA1-A874-61A2D056A33C}.Debug|Any CPU.ActiveCfg = Debug|Any CPU
		{58F79663-C54F-4EA1-A874-61A2D056A33C}.Debug|Any CPU.Build.0 = Debug|Any CPU
		{58F79663-C54F-4EA1-A874-61A2D056A33C}.Release|Any CPU.ActiveCfg = Release|Any CPU
		{58F79663-C54F-4EA1-A874-61A2D056A33C}.Release|Any CPU.Build.0 = Release|Any CPU
		{504CEE5F-23BD-461B-9E85-689EDEFBEE1A}.Debug|Any CPU.ActiveCfg = Debug|Any CPU
		{504CEE5F-23BD-461B-9E85-689EDEFBEE1A}.Debug|Any CPU.Build.0 = Debug|Any CPU
		{504CEE5F-23BD-461B-9E85-689EDEFBEE1A}.Release|Any CPU.ActiveCfg = Release|Any CPU
		{504CEE5F-23BD-461B-9E85-689EDEFBEE1A}.Release|Any CPU.Build.0 = Release|Any CPU
		{73E8DB96-A5E8-4ED6-8143-9E4CF28E13B3}.Debug|Any CPU.ActiveCfg = Debug|Any CPU
		{73E8DB96-A5E8-4ED6-8143-9E4CF28E13B3}.Debug|Any CPU.Build.0 = Debug|Any CPU
		{73E8DB96-A5E8-4ED6-8143-9E4CF28E13B3}.Release|Any CPU.ActiveCfg = Release|Any CPU
		{73E8DB96-A5E8-4ED6-8143-9E4CF28E13B3}.Release|Any CPU.Build.0 = Release|Any CPU
		{7702F85F-D8C7-4E0A-B41F-4718BD28A8FF}.Debug|Any CPU.ActiveCfg = Debug|Any CPU
		{7702F85F-D8C7-4E0A-B41F-4718BD28A8FF}.Debug|Any CPU.Build.0 = Debug|Any CPU
		{7702F85F-D8C7-4E0A-B41F-4718BD28A8FF}.Release|Any CPU.ActiveCfg = Release|Any CPU
		{7702F85F-D8C7-4E0A-B41F-4718BD28A8FF}.Release|Any CPU.Build.0 = Release|Any CPU
		{149B2C83-862F-443F-A532-29D337E97DD8}.Debug|Any CPU.ActiveCfg = Debug|Any CPU
		{149B2C83-862F-443F-A532-29D337E97DD8}.Debug|Any CPU.Build.0 = Debug|Any CPU
		{149B2C83-862F-443F-A532-29D337E97DD8}.Release|Any CPU.ActiveCfg = Release|Any CPU
		{149B2C83-862F-443F-A532-29D337E97DD8}.Release|Any CPU.Build.0 = Release|Any CPU
		{AE705386-1E15-420F-A71A-6D42B814CAD9}.Debug|Any CPU.ActiveCfg = Debug|Any CPU
		{AE705386-1E15-420F-A71A-6D42B814CAD9}.Debug|Any CPU.Build.0 = Debug|Any CPU
		{AE705386-1E15-420F-A71A-6D42B814CAD9}.Release|Any CPU.ActiveCfg = Release|Any CPU
		{AE705386-1E15-420F-A71A-6D42B814CAD9}.Release|Any CPU.Build.0 = Release|Any CPU
		{CF4A40CB-7D93-488F-A85A-B70C2957F2B2}.Debug|Any CPU.ActiveCfg = Debug|Any CPU
		{CF4A40CB-7D93-488F-A85A-B70C2957F2B2}.Debug|Any CPU.Build.0 = Debug|Any CPU
		{CF4A40CB-7D93-488F-A85A-B70C2957F2B2}.Release|Any CPU.ActiveCfg = Release|Any CPU
		{CF4A40CB-7D93-488F-A85A-B70C2957F2B2}.Release|Any CPU.Build.0 = Release|Any CPU
		{0CCA05C7-142B-4C2B-8FD7-ADEE24E6872B}.Debug|Any CPU.ActiveCfg = Debug|Any CPU
		{0CCA05C7-142B-4C2B-8FD7-ADEE24E6872B}.Debug|Any CPU.Build.0 = Debug|Any CPU
		{0CCA05C7-142B-4C2B-8FD7-ADEE24E6872B}.Release|Any CPU.ActiveCfg = Release|Any CPU
		{0CCA05C7-142B-4C2B-8FD7-ADEE24E6872B}.Release|Any CPU.Build.0 = Release|Any CPU
		{4EA67B11-29E4-4CA4-84FC-68589BB0F96C}.Debug|Any CPU.ActiveCfg = Debug|Any CPU
		{4EA67B11-29E4-4CA4-84FC-68589BB0F96C}.Debug|Any CPU.Build.0 = Debug|Any CPU
		{4EA67B11-29E4-4CA4-84FC-68589BB0F96C}.Release|Any CPU.ActiveCfg = Release|Any CPU
		{4EA67B11-29E4-4CA4-84FC-68589BB0F96C}.Release|Any CPU.Build.0 = Release|Any CPU
		{35B2FC4A-AE55-4B6C-8E7A-6CF4A4799A33}.Debug|Any CPU.ActiveCfg = Debug|Any CPU
		{35B2FC4A-AE55-4B6C-8E7A-6CF4A4799A33}.Debug|Any CPU.Build.0 = Debug|Any CPU
		{35B2FC4A-AE55-4B6C-8E7A-6CF4A4799A33}.Release|Any CPU.ActiveCfg = Release|Any CPU
		{35B2FC4A-AE55-4B6C-8E7A-6CF4A4799A33}.Release|Any CPU.Build.0 = Release|Any CPU
	EndGlobalSection
	GlobalSection(SolutionProperties) = preSolution
		HideSolutionNode = FALSE
	EndGlobalSection
	GlobalSection(ExtensibilityGlobals) = postSolution
		SolutionGuid = {E655DEEC-3CAE-4B52-A067-D59714D98B3A}
	EndGlobalSection
EndGlobal
